
Microsoft Visual Studio Solution File, Format Version 12.00
# Visual Studio Version 17
VisualStudioVersion = 17.11.35303.130
MinimumVisualStudioVersion = 10.0.40219.1
Project("{888888A0-9F3D-457C-B088-3A5042F75D52}") = "QuantumRandomNumberGenerator", "QuantumRandomNumberGenerator.pyproj", "{3BF28976-32B1-409D-96DB-C47A6FFB4616}"
EndProject
Global
	GlobalSection(SolutionConfigurationPlatforms) = preSolution
		Debug|Any CPU = Debug|Any CPU
		Release|Any CPU = Release|Any CPU
	EndGlobalSection
	GlobalSection(ProjectConfigurationPlatforms) = postSolution
		{3BF28976-32B1-409D-96DB-C47A6FFB4616}.Debug|Any CPU.ActiveCfg = Debug|Any CPU
		{3BF28976-32B1-409D-96DB-C47A6FFB4616}.Release|Any CPU.ActiveCfg = Release|Any CPU
	EndGlobalSection
	GlobalSection(SolutionProperties) = preSolution
		HideSolutionNode = FALSE
	EndGlobalSection
	GlobalSection(ExtensibilityGlobals) = postSolution
		SolutionGuid = {4CAE760B-1D8B-4510-858F-E250C999A59D}
	EndGlobalSection
EndGlobal
